
Microsoft Visual Studio Solution File, Format Version 12.00
# Visual Studio 15
VisualStudioVersion = 15.0.27130.2027
MinimumVisualStudioVersion = 10.0.40219.1
Project("{FAE04EC0-301F-11D3-BF4B-00C04F79EFBC}") = "Mutlayer Perceptron", "ConsoleApp1\Mutlayer Perceptron.csproj", "{4A8EC9B4-48EC-487B-8F4C-BA034EF010EC}"
EndProject
Project("{FAE04EC0-301F-11D3-BF4B-00C04F79EFBC}") = "LinealAlg", "..\LinealAlg\LinealAlg\LinealAlg.csproj", "{AF7CD9B4-73E5-4F40-B71B-9968082BF0A0}"
EndProject
Project("{FAE04EC0-301F-11D3-BF4B-00C04F79EFBC}") = "ArtificialInt", "..\ArtificialInt\ArtificialInt\ArtificialInt.csproj", "{A6C7F044-B65B-4264-91B2-0C1991C37E5F}"
EndProject
Global
	GlobalSection(SolutionConfigurationPlatforms) = preSolution
		Debug|Any CPU = Debug|Any CPU
		Release|Any CPU = Release|Any CPU
	EndGlobalSection
	GlobalSection(ProjectConfigurationPlatforms) = postSolution
		{4A8EC9B4-48EC-487B-8F4C-BA034EF010EC}.Debug|Any CPU.ActiveCfg = Debug|Any CPU
		{4A8EC9B4-48EC-487B-8F4C-BA034EF010EC}.Debug|Any CPU.Build.0 = Debug|Any CPU
		{4A8EC9B4-48EC-487B-8F4C-BA034EF010EC}.Release|Any CPU.ActiveCfg = Release|Any CPU
		{4A8EC9B4-48EC-487B-8F4C-BA034EF010EC}.Release|Any CPU.Build.0 = Release|Any CPU
		{AF7CD9B4-73E5-4F40-B71B-9968082BF0A0}.Debug|Any CPU.ActiveCfg = Debug|Any CPU
		{AF7CD9B4-73E5-4F40-B71B-9968082BF0A0}.Debug|Any CPU.Build.0 = Debug|Any CPU
		{AF7CD9B4-73E5-4F40-B71B-9968082BF0A0}.Release|Any CPU.ActiveCfg = Release|Any CPU
		{AF7CD9B4-73E5-4F40-B71B-9968082BF0A0}.Release|Any CPU.Build.0 = Release|Any CPU
		{A6C7F044-B65B-4264-91B2-0C1991C37E5F}.Debug|Any CPU.ActiveCfg = Debug|Any CPU
		{A6C7F044-B65B-4264-91B2-0C1991C37E5F}.Debug|Any CPU.Build.0 = Debug|Any CPU
		{A6C7F044-B65B-4264-91B2-0C1991C37E5F}.Release|Any CPU.ActiveCfg = Release|Any CPU
		{A6C7F044-B65B-4264-91B2-0C1991C37E5F}.Release|Any CPU.Build.0 = Release|Any CPU
	EndGlobalSection
	GlobalSection(SolutionProperties) = preSolution
		HideSolutionNode = FALSE
	EndGlobalSection
	GlobalSection(ExtensibilityGlobals) = postSolution
		SolutionGuid = {95C2CF6A-39F7-453D-800F-FEA7807C4B6E}
	EndGlobalSection
EndGlobal
